
Microsoft Visual Studio Solution File, Format Version 12.00
# Visual Studio Version 17
VisualStudioVersion = 17.6.33712.159
MinimumVisualStudioVersion = 10.0.40219.1
Project("{FAE04EC0-301F-11D3-BF4B-00C04F79EFBC}") = "eTicaret", "eTicaret\eTicaret.csproj", "{BCCFB4DE-C021-4AF3-BDF2-ED750BDDC05C}"
EndProject
Global
	GlobalSection(SolutionConfigurationPlatforms) = preSolution
		Debug|Any CPU = Debug|Any CPU
		Release|Any CPU = Release|Any CPU
	EndGlobalSection
	GlobalSection(ProjectConfigurationPlatforms) = postSolution
		{BCCFB4DE-C021-4AF3-BDF2-ED750BDDC05C}.Debug|Any CPU.ActiveCfg = Debug|Any CPU
		{BCCFB4DE-C021-4AF3-BDF2-ED750BDDC05C}.Debug|Any CPU.Build.0 = Debug|Any CPU
		{BCCFB4DE-C021-4AF3-BDF2-ED750BDDC05C}.Release|Any CPU.ActiveCfg = Release|Any CPU
		{BCCFB4DE-C021-4AF3-BDF2-ED750BDDC05C}.Release|Any CPU.Build.0 = Release|Any CPU
	EndGlobalSection
	GlobalSection(SolutionProperties) = preSolution
		HideSolutionNode = FALSE
	EndGlobalSection
	GlobalSection(ExtensibilityGlobals) = postSolution
		SolutionGuid = {13A5689A-E889-4AD9-85CD-A6498A61AEA4}
	EndGlobalSection
EndGlobal
